
Microsoft Visual Studio Solution File, Format Version 12.00
# Visual Studio Version 16
VisualStudioVersion = 16.0.30320.27
MinimumVisualStudioVersion = 10.0.40219.1
Project("{FAE04EC0-301F-11D3-BF4B-00C04F79EFBC}") = "VotingApplication", "DesktopVotingApplication\VotingApplication.csproj", "{2BD389BD-FFE6-4A7B-83F7-214C4BE5FABE}"
EndProject
Project("{FAE04EC0-301F-11D3-BF4B-00C04F79EFBC}") = "ApplicationLibrary", "ApplicationLibrary\ApplicationLibrary.csproj", "{A20075BE-BC5C-45B4-BC08-0E51B0415B80}"
EndProject
Global
	GlobalSection(SolutionConfigurationPlatforms) = preSolution
		Debug|Any CPU = Debug|Any CPU
		Release|Any CPU = Release|Any CPU
	EndGlobalSection
	GlobalSection(ProjectConfigurationPlatforms) = postSolution
		{2BD389BD-FFE6-4A7B-83F7-214C4BE5FABE}.Debug|Any CPU.ActiveCfg = Debug|Any CPU
		{2BD389BD-FFE6-4A7B-83F7-214C4BE5FABE}.Debug|Any CPU.Build.0 = Debug|Any CPU
		{2BD389BD-FFE6-4A7B-83F7-214C4BE5FABE}.Release|Any CPU.ActiveCfg = Release|Any CPU
		{2BD389BD-FFE6-4A7B-83F7-214C4BE5FABE}.Release|Any CPU.Build.0 = Release|Any CPU
		{A20075BE-BC5C-45B4-BC08-0E51B0415B80}.Debug|Any CPU.ActiveCfg = Debug|Any CPU
		{A20075BE-BC5C-45B4-BC08-0E51B0415B80}.Debug|Any CPU.Build.0 = Debug|Any CPU
		{A20075BE-BC5C-45B4-BC08-0E51B0415B80}.Release|Any CPU.ActiveCfg = Release|Any CPU
		{A20075BE-BC5C-45B4-BC08-0E51B0415B80}.Release|Any CPU.Build.0 = Release|Any CPU
	EndGlobalSection
	GlobalSection(SolutionProperties) = preSolution
		HideSolutionNode = FALSE
	EndGlobalSection
	GlobalSection(ExtensibilityGlobals) = postSolution
		SolutionGuid = {45CD6960-C216-4A43-A558-4F4BB2261F30}
	EndGlobalSection
EndGlobal
